# Copyright 2024 Iguazio
#
# Licensed under the Apache License, Version 2.0 (the "License");
# you may not use this file except in compliance with the License.
# You may obtain a copy of the License at
#
#   http://www.apache.org/licenses/LICENSE-2.0
#
# Unless required by applicable law or agreed to in writing, software
# distributed under the License is distributed on an "AS IS" BASIS,
# WITHOUT WARRANTIES OR CONDITIONS OF ANY KIND, either express or implied.
# See the License for the specific language governing permissions and
# limitations under the License.

name: Update uv lock files

permissions:
  contents: write  # Allows jobs to modify repository content (for creating/updating lock files).
  pull-requests: write  # Allows jobs to create and manage pull requests (needed for automated PR creation).

on:
  workflow_dispatch:
    inputs:
      pr_number:
        description: 'PR number to upgrade lock files for (leave empty to use current branch)'
        required: false
        type: string
        default: ''
  schedule:
  - cron: "0 4 * * 0"  # At 4 AM UTC on every Sunday

jobs:
  upgrade:
    name: Upgrade uv lock files
    runs-on: ubuntu-latest
    if: github.repository_owner == 'mlrun'
    steps:

    # checkout from running branch
    - uses: actions/checkout@v5
      if: github.event.inputs.pr_number == ''

    # checkout from PR
    - uses: actions/checkout@v5
      if: github.event.inputs.pr_number != ''
      with:
        fetch-depth: 0
        ref: refs/pull/${{ github.event.inputs.pr_number }}/merge

    # verify pull request is open
    - name: Verify PR is open
      if: github.event.inputs.pr_number != ''
      run: |
        PR_STATUS=$(gh pr view "${PR_NUMBER}" --json state --jq '.state')
        if [ "$PR_STATUS" != "OPEN" ]; then
          echo "Pull request #${PR_NUMBER} is not open ('${PR_STATUS}'). Exiting."
          exit 1
        fi
      env:
        PR_NUMBER: ${{ github.event.inputs.pr_number }}
        GITHUB_TOKEN: ${{ secrets.GITHUB_TOKEN }}

    - uses: astral-sh/setup-uv@d9e0f98d3fc6adb07d1e3d37f3043649ddad06a1 # 6.5.0

    - name: Upgrade dependencies in the lock file with uv
      run: make upgrade-mlrun-deps-lock

    - name: Commit and push changes
      if: github.event.inputs.pr_number != ''
      run: |
        git config user.name "github-actions[bot]"
        git config user.email "41898282+github-actions[bot]@users.noreply.github.com"
        git add **/locked-requirements.txt
        git commit -m "Upgrade uv lock files for PR #${PR_NUMBER}"
        git push origin "refs/pull/${PR_NUMBER}/merge"
      env:
        PR_NUMBER: ${{ github.event.inputs.pr_number }}

    - name: Format PR title
      id: format-title
      if: github.event.inputs.pr_number == ''
      run: |
        if [ "${{ github.ref_name }}" != "development" ]; then
          echo "title=[Requirements-automated] Upgrade lock files [${{ github.ref_name }}]" >> "$GITHUB_OUTPUT"
        else
          echo "title=[Requirements-automated] Upgrade lock files" >> "$GITHUB_OUTPUT"
        fi
    - uses: peter-evans/create-pull-request@271a8d0340265f705b14b6d32b9829c1cb33d45e # 7.0.8
      if: github.event.inputs.pr_number == ''
      with:
        title: ${{ steps.format-title.outputs.title }}
        body: |
          Update the uv generated lock files.
          Generated by the run:
          ${{ github.server_url }}/${{ github.repository }}/actions/runs/${{ github.run_id }}
        commit-message: Upgrade uv lock files
        branch: "automated/uv-lock-upgrade-${{ github.ref_name }}"
        delete-branch: true
        # See:
        # https://github.com/peter-evans/create-pull-request?tab=readme-ov-file#token
        # Fine-grained Personal Access Token (PAT) with contents: write and pull-requests: write scopes.
        token: ${{ secrets.MLRUN_PR_PAT }}
